
Microsoft Visual Studio Solution File, Format Version 12.00
# Visual Studio Version 17
VisualStudioVersion = 17.13.35806.99 d17.13
MinimumVisualStudioVersion = 10.0.40219.1
Project("{FAE04EC0-301F-11D3-BF4B-00C04F79EFBC}") = "namespaceKullanımı", "namespaceKullanımı\namespaceKullanımı.csproj", "{D1F36BD6-8E11-4382-A297-738743FD4D4E}"
EndProject
Global
	GlobalSection(SolutionConfigurationPlatforms) = preSolution
		Debug|Any CPU = Debug|Any CPU
		Release|Any CPU = Release|Any CPU
	EndGlobalSection
	GlobalSection(ProjectConfigurationPlatforms) = postSolution
		{D1F36BD6-8E11-4382-A297-738743FD4D4E}.Debug|Any CPU.ActiveCfg = Debug|Any CPU
		{D1F36BD6-8E11-4382-A297-738743FD4D4E}.Debug|Any CPU.Build.0 = Debug|Any CPU
		{D1F36BD6-8E11-4382-A297-738743FD4D4E}.Release|Any CPU.ActiveCfg = Release|Any CPU
		{D1F36BD6-8E11-4382-A297-738743FD4D4E}.Release|Any CPU.Build.0 = Release|Any CPU
	EndGlobalSection
	GlobalSection(SolutionProperties) = preSolution
		HideSolutionNode = FALSE
	EndGlobalSection
	GlobalSection(ExtensibilityGlobals) = postSolution
		SolutionGuid = {A570FA3A-DC80-4A25-A256-82C177BE847F}
	EndGlobalSection
EndGlobal
